
Microsoft Visual Studio Solution File, Format Version 12.00
# Visual Studio 15
VisualStudioVersion = 15.0.27130.2010
MinimumVisualStudioVersion = 10.0.40219.1
Project("{9A19103F-16F7-4668-BE54-9A1E7A4F7556}") = "SOLBUCKSUnitedBanking", "SOLBUCKSUnitedBanking\SOLBUCKSUnitedBanking.csproj", "{3707CF2A-1441-43D2-AF2A-29B7679FD140}"
EndProject
Project("{E53339B2-1760-4266-BCC7-CA923CBCF16C}") = "docker-compose", "docker-compose.dcproj", "{DA5FBB6A-86FA-4981-81D1-4E40CF2F1574}"
EndProject
Project("{FAE04EC0-301F-11D3-BF4B-00C04F79EFBC}") = "BankingUnitTests", "..\BankingUnitTests\BankingUnitTests.csproj", "{27BDD882-7453-405E-85F7-34D14E742584}"
EndProject
Global
	GlobalSection(SolutionConfigurationPlatforms) = preSolution
		Debug|Any CPU = Debug|Any CPU
		Release|Any CPU = Release|Any CPU
	EndGlobalSection
	GlobalSection(ProjectConfigurationPlatforms) = postSolution
		{3707CF2A-1441-43D2-AF2A-29B7679FD140}.Debug|Any CPU.ActiveCfg = Debug|Any CPU
		{3707CF2A-1441-43D2-AF2A-29B7679FD140}.Debug|Any CPU.Build.0 = Debug|Any CPU
		{3707CF2A-1441-43D2-AF2A-29B7679FD140}.Release|Any CPU.ActiveCfg = Release|Any CPU
		{3707CF2A-1441-43D2-AF2A-29B7679FD140}.Release|Any CPU.Build.0 = Release|Any CPU
		{DA5FBB6A-86FA-4981-81D1-4E40CF2F1574}.Debug|Any CPU.ActiveCfg = Debug|Any CPU
		{DA5FBB6A-86FA-4981-81D1-4E40CF2F1574}.Debug|Any CPU.Build.0 = Debug|Any CPU
		{DA5FBB6A-86FA-4981-81D1-4E40CF2F1574}.Release|Any CPU.ActiveCfg = Release|Any CPU
		{DA5FBB6A-86FA-4981-81D1-4E40CF2F1574}.Release|Any CPU.Build.0 = Release|Any CPU
		{27BDD882-7453-405E-85F7-34D14E742584}.Debug|Any CPU.ActiveCfg = Debug|Any CPU
		{27BDD882-7453-405E-85F7-34D14E742584}.Debug|Any CPU.Build.0 = Debug|Any CPU
		{27BDD882-7453-405E-85F7-34D14E742584}.Release|Any CPU.ActiveCfg = Release|Any CPU
		{27BDD882-7453-405E-85F7-34D14E742584}.Release|Any CPU.Build.0 = Release|Any CPU
	EndGlobalSection
	GlobalSection(SolutionProperties) = preSolution
		HideSolutionNode = FALSE
	EndGlobalSection
	GlobalSection(ExtensibilityGlobals) = postSolution
		SolutionGuid = {804D6AB0-353B-4F21-9B79-53E2FCC63DB5}
	EndGlobalSection
EndGlobal
